PODS:
  - Alamofire (5.10.2)
  - MapLibre (6.10.0)
  - MapLibreNavigationCore (0.0.0)

DEPENDENCIES:
  - Alamofire (~> 5.10.2)
  - MapLibre (~> 6.10.0)
  - MapLibreNavigationCore (from `../../maplibre-navigation-core/`)

SPEC REPOS:
  trunk:
    - Alamofire
    - MapLibre

EXTERNAL SOURCES:
  MapLibreNavigationCore:
    :path: "../../maplibre-navigation-core/"

SPEC CHECKSUMS:
  Alamofire: 7193b3b92c74a07f85569e1a6c4f4237291e7496
  MapLibre: d668ed038aa3d139c6a305753c87cc2f62245b72
  MapLibreNavigationCore: 83481e3b3a9c5511213c0ac83e76a4bc89d5a788

PODFILE CHECKSUM: 27bd2b3bdf72bd29b45832f6880451788453aa56

COCOAPODS: 1.16.2
